// !$*UTF8*$!
{
	archiveVersion = 1;
	classes = {
	};
	objectVersion = 46;
	objects = {

/* Begin PBXBuildFile section */
		1F1340B918B2F02C00E51C8E /* SystemConfiguration.framework in Frameworks */ = {isa = PBXBuildFile; fileRef = 1F1340B818B2F02C00E51C8E /* SystemConfiguration.framework */; };
		1F1340BB18B2F03500E51C8E /* StoreKit.framework in Frameworks */ = {isa = PBXBuildFile; fileRef = 1F1340BA18B2F03500E51C8E /* StoreKit.framework */; };
		1F1340BD18B2F03D00E51C8E /* Security.framework in Frameworks */ = {isa = PBXBuildFile; fileRef = 1F1340BC18B2F03D00E51C8E /* Security.framework */; };
		1F1340BF18B2F04D00E51C8E /* QuartzCore.framework in Frameworks */ = {isa = PBXBuildFile; fileRef = 1F1340BE18B2F04D00E51C8E /* QuartzCore.framework */; };
		1F1340C118B2F05900E51C8E /* MobileCoreServices.framework in Frameworks */ = {isa = PBXBuildFile; fileRef = 1F1340C018B2F05900E51C8E /* MobileCoreServices.framework */; };
		1F1340C318B2F07700E51C8E /* libz.dylib in Frameworks */ = {isa = PBXBuildFile; fileRef = 1F1340C218B2F07700E51C8E /* libz.dylib */; };
		1F1340C518B2F07E00E51C8E /* CoreLocation.framework in Frameworks */ = {isa = PBXBuildFile; fileRef = 1F1340C418B2F07E00E51C8E /* CoreLocation.framework */; };
		1F1340C718B2F08700E51C8E /* CFNetwork.framework in Frameworks */ = {isa = PBXBuildFile; fileRef = 1F1340C618B2F08700E51C8E /* CFNetwork.framework */; };
		1F1340C918B2F09200E51C8E /* AudioToolbox.framework in Frameworks */ = {isa = PBXBuildFile; fileRef = 1F1340C818B2F09200E51C8E /* AudioToolbox.framework */; };
		1F1340CD18B2F0D200E51C8E /* Parse.framework in Frameworks */ = {isa = PBXBuildFile; fileRef = 1F1340CC18B2F0D100E51C8E /* Parse.framework */; };
		1F48C92418A8488D006CC915 /* GoalItem.m in Sources */ = {isa = PBXBuildFile; fileRef = 1F48C92318A8488D006CC915 /* GoalItem.m */; };
		1F48C92718A84C1A006CC915 /* GoalListTable.m in Sources */ = {isa = PBXBuildFile; fileRef = 1F48C92618A84C1A006CC915 /* GoalListTable.m */; };
		1F48C92A18A888B1006CC915 /* GoalListTableViewController.m in Sources */ = {isa = PBXBuildFile; fileRef = 1F48C92918A888B1006CC915 /* GoalListTableViewController.m */; };
		1F5EABF718A470C20080B598 /* Foundation.framework in Frameworks */ = {isa = PBXBuildFile; fileRef = 1F5EABF618A470C20080B598 /* Foundation.framework */; };
		1F5EABF918A470C20080B598 /* CoreGraphics.framework in Frameworks */ = {isa = PBXBuildFile; fileRef = 1F5EABF818A470C20080B598 /* CoreGraphics.framework */; };
		1F5EABFB18A470C20080B598 /* UIKit.framework in Frameworks */ = {isa = PBXBuildFile; fileRef = 1F5EABFA18A470C20080B598 /* UIKit.framework */; };
		1F5EABFD18A470C20080B598 /* CoreData.framework in Frameworks */ = {isa = PBXBuildFile; fileRef = 1F5EABFC18A470C20080B598 /* CoreData.framework */; };
		1F5EAC0318A470C30080B598 /* InfoPlist.strings in Resources */ = {isa = PBXBuildFile; fileRef = 1F5EAC0118A470C30080B598 /* InfoPlist.strings */; };
		1F5EAC0518A470C30080B598 /* main.m in Sources */ = {isa = PBXBuildFile; fileRef = 1F5EAC0418A470C30080B598 /* main.m */; };
		1F5EAC0918A470C30080B598 /* AppDelegate.m in Sources */ = {isa = PBXBuildFile; fileRef = 1F5EAC0818A470C30080B598 /* AppDelegate.m */; };
		1F5EAC0C18A470C30080B598 /* DailyGoals.xcdatamodeld in Sources */ = {isa = PBXBuildFile; fileRef = 1F5EAC0A18A470C30080B598 /* DailyGoals.xcdatamodeld */; };
		1F5EAC0E18A470C30080B598 /* Images.xcassets in Resources */ = {isa = PBXBuildFile; fileRef = 1F5EAC0D18A470C30080B598 /* Images.xcassets */; };
		1F5EAC1518A470C30080B598 /* XCTest.framework in Frameworks */ = {isa = PBXBuildFile; fileRef = 1F5EAC1418A470C30080B598 /* XCTest.framework */; };
		1F5EAC1618A470C30080B598 /* Foundation.framework in Frameworks */ = {isa = PBXBuildFile; fileRef = 1F5EABF618A470C20080B598 /* Foundation.framework */; };
		1F5EAC1718A470C30080B598 /* UIKit.framework in Frameworks */ = {isa = PBXBuildFile; fileRef = 1F5EABFA18A470C20080B598 /* UIKit.framework */; };
		1F5EAC1818A470C30080B598 /* CoreData.framework in Frameworks */ = {isa = PBXBuildFile; fileRef = 1F5EABFC18A470C20080B598 /* CoreData.framework */; };
		1F5EAC2018A470C30080B598 /* InfoPlist.strings in Resources */ = {isa = PBXBuildFile; fileRef = 1F5EAC1E18A470C30080B598 /* InfoPlist.strings */; };
		1F5EAC2218A470C30080B598 /* DailyGoalsTests.m in Sources */ = {isa = PBXBuildFile; fileRef = 1F5EAC2118A470C30080B598 /* DailyGoalsTests.m */; };
		1F5EAC2D18A471140080B598 /* GoalListViewController.m in Sources */ = {isa = PBXBuildFile; fileRef = 1F5EAC2C18A471140080B598 /* GoalListViewController.m */; };
		1F5EAC3018A471220080B598 /* AddGoalViewController.m in Sources */ = {isa = PBXBuildFile; fileRef = 1F5EAC2F18A471220080B598 /* AddGoalViewController.m */; };
		1F5EAC3318A471440080B598 /* TheBackgrounds.m in Sources */ = {isa = PBXBuildFile; fileRef = 1F5EAC3218A471440080B598 /* TheBackgrounds.m */; };
		1F5EAC3518A471A20080B598 /* Main.storyboard in Resources */ = {isa = PBXBuildFile; fileRef = 1F5EAC3418A471A20080B598 /* Main.storyboard */; };
		1FD476E018A9A60C007363E5 /* GoalEntity.m in Sources */ = {isa = PBXBuildFile; fileRef = 1FD476DF18A9A60C007363E5 /* GoalEntity.m */; };
		1FD476E318A9ACDB007363E5 /* EditGoalViewController.m in Sources */ = {isa = PBXBuildFile; fileRef = 1FD476E218A9ACDB007363E5 /* EditGoalViewController.m */; };
		1FD476E618AACCA9007363E5 /* SettingsViewController.m in Sources */ = {isa = PBXBuildFile; fileRef = 1FD476E518AACCA9007363E5 /* SettingsViewController.m */; };
/* End PBXBuildFile section */

/* Begin PBXContainerItemProxy section */
		1F5EAC1918A470C30080B598 /* PBXContainerItemProxy */ = {
			isa = PBXContainerItemProxy;
			containerPortal = 1F5EABEB18A470C20080B598 /* Project object */;
			proxyType = 1;
			remoteGlobalIDString = 1F5EABF218A470C20080B598;
			remoteInfo = DailyGoals;
		};
/* End PBXContainerItemProxy section */

/* Begin PBXFileReference section */
		1F1340B818B2F02C00E51C8E /* SystemConfiguration.framework */ = {isa = PBXFileReference; lastKnownFileType = wrapper.framework; name = SystemConfiguration.framework; path = System/Library/Frameworks/SystemConfiguration.framework; sourceTree = SDKROOT; };
		1F1340BA18B2F03500E51C8E /* StoreKit.framework */ = {isa = PBXFileReference; lastKnownFileType = wrapper.framework; name = StoreKit.framework; path = System/Library/Frameworks/StoreKit.framework; sourceTree = SDKROOT; };
		1F1340BC18B2F03D00E51C8E /* Security.framework */ = {isa = PBXFileReference; lastKnownFileType = wrapper.framework; name = Security.framework; path = System/Library/Frameworks/Security.framework; sourceTree = SDKROOT; };
		1F1340BE18B2F04D00E51C8E /* QuartzCore.framework */ = {isa = PBXFileReference; lastKnownFileType = wrapper.framework; name = QuartzCore.framework; path = System/Library/Frameworks/QuartzCore.framework; sourceTree = SDKROOT; };
		1F1340C018B2F05900E51C8E /* MobileCoreServices.framework */ = {isa = PBXFileReference; lastKnownFileType = wrapper.framework; name = MobileCoreServices.framework; path = System/Library/Frameworks/MobileCoreServices.framework; sourceTree = SDKROOT; };
		1F1340C218B2F07700E51C8E /* libz.dylib */ = {isa = PBXFileReference; lastKnownFileType = "compiled.mach-o.dylib"; name = libz.dylib; path = usr/lib/libz.dylib; sourceTree = SDKROOT; };
		1F1340C418B2F07E00E51C8E /* CoreLocation.framework */ = {isa = PBXFileReference; lastKnownFileType = wrapper.framework; name = CoreLocation.framework; path = System/Library/Frameworks/CoreLocation.framework; sourceTree = SDKROOT; };
		1F1340C618B2F08700E51C8E /* CFNetwork.framework */ = {isa = PBXFileReference; lastKnownFileType = wrapper.framework; name = CFNetwork.framework; path = System/Library/Frameworks/CFNetwork.framework; sourceTree = SDKROOT; };
		1F1340C818B2F09200E51C8E /* AudioToolbox.framework */ = {isa = PBXFileReference; lastKnownFileType = wrapper.framework; name = AudioToolbox.framework; path = System/Library/Frameworks/AudioToolbox.framework; sourceTree = SDKROOT; };
		1F1340CA18B2F09F00E51C8E /* Parse.framework */ = {isa = PBXFileReference; lastKnownFileType = wrapper.framework; name = Parse.framework; path = "../../../Ross Wehner/Build 2.16.14/DailyGoals/Parse.framework"; sourceTree = "<group>"; };
		1F1340CC18B2F0D100E51C8E /* Parse.framework */ = {isa = PBXFileReference; lastKnownFileType = wrapper.framework; name = Parse.framework; path = DailyGoals/Parse.framework; sourceTree = "<group>"; };
		1F48C92218A8488D006CC915 /* GoalItem.h */ = {isa = PBXFileReference; fileEncoding = 4; lastKnownFileType = sourcecode.c.h; path = GoalItem.h; sourceTree = "<group>"; };
		1F48C92318A8488D006CC915 /* GoalItem.m */ = {isa = PBXFileReference; fileEncoding = 4; lastKnownFileType = sourcecode.c.objc; path = GoalItem.m; sourceTree = "<group>"; };
		1F48C92518A84C1A006CC915 /* GoalListTable.h */ = {isa = PBXFileReference; fileEncoding = 4; lastKnownFileType = sourcecode.c.h; path = GoalListTable.h; sourceTree = "<group>"; };
		1F48C92618A84C1A006CC915 /* GoalListTable.m */ = {isa = PBXFileReference; fileEncoding = 4; lastKnownFileType = sourcecode.c.objc; path = GoalListTable.m; sourceTree = "<group>"; };
		1F48C92818A888B1006CC915 /* GoalListTableViewController.h */ = {isa = PBXFileReference; fileEncoding = 4; lastKnownFileType = sourcecode.c.h; path = GoalListTableViewController.h; sourceTree = "<group>"; };
		1F48C92918A888B1006CC915 /* GoalListTableViewController.m */ = {isa = PBXFileReference; fileEncoding = 4; lastKnownFileType = sourcecode.c.objc; path = GoalListTableViewController.m; sourceTree = "<group>"; };
		1F5EABF318A470C20080B598 /* DailyGoals.app */ = {isa = PBXFileReference; explicitFileType = wrapper.application; includeInIndex = 0; path = DailyGoals.app; sourceTree = BUILT_PRODUCTS_DIR; };
		1F5EABF618A470C20080B598 /* Foundation.framework */ = {isa = PBXFileReference; lastKnownFileType = wrapper.framework; name = Foundation.framework; path = System/Library/Frameworks/Foundation.framework; sourceTree = SDKROOT; };
		1F5EABF818A470C20080B598 /* CoreGraphics.framework */ = {isa = PBXFileReference; lastKnownFileType = wrapper.framework; name = CoreGraphics.framework; path = System/Library/Frameworks/CoreGraphics.framework; sourceTree = SDKROOT; };
		1F5EABFA18A470C20080B598 /* UIKit.framework */ = {isa = PBXFileReference; lastKnownFileType = wrapper.framework; name = UIKit.framework; path = System/Library/Frameworks/UIKit.framework; sourceTree = SDKROOT; };
		1F5EABFC18A470C20080B598 /* CoreData.framework */ = {isa = PBXFileReference; lastKnownFileType = wrapper.framework; name = CoreData.framework; path = System/Library/Frameworks/CoreData.framework; sourceTree = SDKROOT; };
		1F5EAC0018A470C20080B598 /* DailyGoals-Info.plist */ = {isa = PBXFileReference; lastKnownFileType = text.plist.xml; path = "DailyGoals-Info.plist"; sourceTree = "<group>"; };
		1F5EAC0218A470C30080B598 /* en */ = {isa = PBXFileReference; lastKnownFileType = text.plist.strings; name = en; path = en.lproj/InfoPlist.strings; sourceTree = "<group>"; };
		1F5EAC0418A470C30080B598 /* main.m */ = {isa = PBXFileReference; lastKnownFileType = sourcecode.c.objc; path = main.m; sourceTree = "<group>"; };
		1F5EAC0618A470C30080B598 /* DailyGoals-Prefix.pch */ = {isa = PBXFileReference; lastKnownFileType = sourcecode.c.h; path = "DailyGoals-Prefix.pch"; sourceTree = "<group>"; };
		1F5EAC0718A470C30080B598 /* AppDelegate.h */ = {isa = PBXFileReference; lastKnownFileType = sourcecode.c.h; path = AppDelegate.h; sourceTree = "<group>"; };
		1F5EAC0818A470C30080B598 /* AppDelegate.m */ = {isa = PBXFileReference; lastKnownFileType = sourcecode.c.objc; path = AppDelegate.m; sourceTree = "<group>"; };
		1F5EAC0B18A470C30080B598 /* DailyGoals.xcdatamodel */ = {isa = PBXFileReference; lastKnownFileType = wrapper.xcdatamodel; path = DailyGoals.xcdatamodel; sourceTree = "<group>"; };
		1F5EAC0D18A470C30080B598 /* Images.xcassets */ = {isa = PBXFileReference; lastKnownFileType = folder.assetcatalog; path = Images.xcassets; sourceTree = "<group>"; };
		1F5EAC1318A470C30080B598 /* DailyGoalsTests.xctest */ = {isa = PBXFileReference; explicitFileType = wrapper.cfbundle; includeInIndex = 0; path = DailyGoalsTests.xctest; sourceTree = BUILT_PRODUCTS_DIR; };
		1F5EAC1418A470C30080B598 /* XCTest.framework */ = {isa = PBXFileReference; lastKnownFileType = wrapper.framework; name = XCTest.framework; path = Library/Frameworks/XCTest.framework; sourceTree = DEVELOPER_DIR; };
		1F5EAC1D18A470C30080B598 /* DailyGoalsTests-Info.plist */ = {isa = PBXFileReference; lastKnownFileType = text.plist.xml; path = "DailyGoalsTests-Info.plist"; sourceTree = "<group>"; };
		1F5EAC1F18A470C30080B598 /* en */ = {isa = PBXFileReference; lastKnownFileType = text.plist.strings; name = en; path = en.lproj/InfoPlist.strings; sourceTree = "<group>"; };
		1F5EAC2118A470C30080B598 /* DailyGoalsTests.m */ = {isa = PBXFileReference; lastKnownFileType = sourcecode.c.objc; path = DailyGoalsTests.m; sourceTree = "<group>"; };
		1F5EAC2B18A471140080B598 /* GoalListViewController.h */ = {isa = PBXFileReference; fileEncoding = 4; lastKnownFileType = sourcecode.c.h; path = GoalListViewController.h; sourceTree = "<group>"; };
		1F5EAC2C18A471140080B598 /* GoalListViewController.m */ = {isa = PBXFileReference; fileEncoding = 4; lastKnownFileType = sourcecode.c.objc; path = GoalListViewController.m; sourceTree = "<group>"; };
		1F5EAC2E18A471220080B598 /* AddGoalViewController.h */ = {isa = PBXFileReference; fileEncoding = 4; lastKnownFileType = sourcecode.c.h; path = AddGoalViewController.h; sourceTree = "<group>"; };
		1F5EAC2F18A471220080B598 /* AddGoalViewController.m */ = {isa = PBXFileReference; fileEncoding = 4; lastKnownFileType = sourcecode.c.objc; path = AddGoalViewController.m; sourceTree = "<group>"; };
		1F5EAC3118A471440080B598 /* TheBackgrounds.h */ = {isa = PBXFileReference; fileEncoding = 4; lastKnownFileType = sourcecode.c.h; path = TheBackgrounds.h; sourceTree = "<group>"; };
		1F5EAC3218A471440080B598 /* TheBackgrounds.m */ = {isa = PBXFileReference; fileEncoding = 4; lastKnownFileType = sourcecode.c.objc; path = TheBackgrounds.m; sourceTree = "<group>"; };
		1F5EAC3418A471A20080B598 /* Main.storyboard */ = {isa = PBXFileReference; fileEncoding = 4; lastKnownFileType = file.storyboard; path = Main.storyboard; sourceTree = "<group>"; };
		1FD476DE18A9A60C007363E5 /* GoalEntity.h */ = {isa = PBXFileReference; fileEncoding = 4; lastKnownFileType = sourcecode.c.h; path = GoalEntity.h; sourceTree = "<group>"; };
		1FD476DF18A9A60C007363E5 /* GoalEntity.m */ = {isa = PBXFileReference; fileEncoding = 4; lastKnownFileType = sourcecode.c.objc; path = GoalEntity.m; sourceTree = "<group>"; };
		1FD476E118A9ACDB007363E5 /* EditGoalViewController.h */ = {isa = PBXFileReference; fileEncoding = 4; lastKnownFileType = sourcecode.c.h; path = EditGoalViewController.h; sourceTree = "<group>"; };
		1FD476E218A9ACDB007363E5 /* EditGoalViewController.m */ = {isa = PBXFileReference; fileEncoding = 4; lastKnownFileType = sourcecode.c.objc; path = EditGoalViewController.m; sourceTree = "<group>"; };
		1FD476E418AACCA9007363E5 /* SettingsViewController.h */ = {isa = PBXFileReference; fileEncoding = 4; lastKnownFileType = sourcecode.c.h; path = SettingsViewController.h; sourceTree = "<group>"; };
		1FD476E518AACCA9007363E5 /* SettingsViewController.m */ = {isa = PBXFileReference; fileEncoding = 4; lastKnownFileType = sourcecode.c.objc; path = SettingsViewController.m; sourceTree = "<group>"; };
/* End PBXFileReference section */

/* Begin PBXFrameworksBuildPhase section */
		1F5EABF018A470C20080B598 /* Frameworks */ = {
			isa = PBXFrameworksBuildPhase;
			buildActionMask = 2147483647;
			files = (
				1F1340CD18B2F0D200E51C8E /* Parse.framework in Frameworks */,
				1F1340C918B2F09200E51C8E /* AudioToolbox.framework in Frameworks */,
				1F1340C718B2F08700E51C8E /* CFNetwork.framework in Frameworks */,
				1F1340C518B2F07E00E51C8E /* CoreLocation.framework in Frameworks */,
				1F1340C318B2F07700E51C8E /* libz.dylib in Frameworks */,
				1F1340C118B2F05900E51C8E /* MobileCoreServices.framework in Frameworks */,
				1F1340BF18B2F04D00E51C8E /* QuartzCore.framework in Frameworks */,
				1F1340BD18B2F03D00E51C8E /* Security.framework in Frameworks */,
				1F1340BB18B2F03500E51C8E /* StoreKit.framework in Frameworks */,
				1F1340B918B2F02C00E51C8E /* SystemConfiguration.framework in Frameworks */,
				1F5EABF918A470C20080B598 /* CoreGraphics.framework in Frameworks */,
				1F5EABFD18A470C20080B598 /* CoreData.framework in Frameworks */,
				1F5EABFB18A470C20080B598 /* UIKit.framework in Frameworks */,
				1F5EABF718A470C20080B598 /* Foundation.framework in Frameworks */,
			);
			runOnlyForDeploymentPostprocessing = 0;
		};
		1F5EAC1018A470C30080B598 /* Frameworks */ = {
			isa = PBXFrameworksBuildPhase;
			buildActionMask = 2147483647;
			files = (
				1F5EAC1518A470C30080B598 /* XCTest.framework in Frameworks */,
				1F5EAC1818A470C30080B598 /* CoreData.framework in Frameworks */,
				1F5EAC1718A470C30080B598 /* UIKit.framework in Frameworks */,
				1F5EAC1618A470C30080B598 /* Foundation.framework in Frameworks */,
			);
			runOnlyForDeploymentPostprocessing = 0;
		};
/* End PBXFrameworksBuildPhase section */

/* Begin PBXGroup section */
		1F48C92B18A88A90006CC915 /* UnusedForNow */ = {
			isa = PBXGroup;
			children = (
				1FD476E418AACCA9007363E5 /* SettingsViewController.h */,
				1FD476E518AACCA9007363E5 /* SettingsViewController.m */,
				1F48C92218A8488D006CC915 /* GoalItem.h */,
				1F48C92318A8488D006CC915 /* GoalItem.m */,
				1F5EAC3118A471440080B598 /* TheBackgrounds.h */,
				1F5EAC3218A471440080B598 /* TheBackgrounds.m */,
				1F48C92518A84C1A006CC915 /* GoalListTable.h */,
				1F48C92618A84C1A006CC915 /* GoalListTable.m */,
			);
			name = UnusedForNow;
			sourceTree = "<group>";
		};
		1F5EABEA18A470C20080B598 = {
			isa = PBXGroup;
			children = (
				1F5EABFE18A470C20080B598 /* DailyGoals */,
				1F5EAC1B18A470C30080B598 /* DailyGoalsTests */,
				1F5EABF518A470C20080B598 /* Frameworks */,
				1F5EABF418A470C20080B598 /* Products */,
			);
			sourceTree = "<group>";
		};
		1F5EABF418A470C20080B598 /* Products */ = {
			isa = PBXGroup;
			children = (
				1F5EABF318A470C20080B598 /* DailyGoals.app */,
				1F5EAC1318A470C30080B598 /* DailyGoalsTests.xctest */,
			);
			name = Products;
			sourceTree = "<group>";
		};
		1F5EABF518A470C20080B598 /* Frameworks */ = {
			isa = PBXGroup;
			children = (
				1F1340CC18B2F0D100E51C8E /* Parse.framework */,
				1F1340CA18B2F09F00E51C8E /* Parse.framework */,
				1F1340C818B2F09200E51C8E /* AudioToolbox.framework */,
				1F1340C618B2F08700E51C8E /* CFNetwork.framework */,
				1F1340C418B2F07E00E51C8E /* CoreLocation.framework */,
				1F1340C218B2F07700E51C8E /* libz.dylib */,
				1F1340C018B2F05900E51C8E /* MobileCoreServices.framework */,
				1F1340BE18B2F04D00E51C8E /* QuartzCore.framework */,
				1F1340BC18B2F03D00E51C8E /* Security.framework */,
				1F1340BA18B2F03500E51C8E /* StoreKit.framework */,
				1F1340B818B2F02C00E51C8E /* SystemConfiguration.framework */,
				1F5EABF618A470C20080B598 /* Foundation.framework */,
				1F5EABF818A470C20080B598 /* CoreGraphics.framework */,
				1F5EABFA18A470C20080B598 /* UIKit.framework */,
				1F5EABFC18A470C20080B598 /* CoreData.framework */,
				1F5EAC1418A470C30080B598 /* XCTest.framework */,
			);
			name = Frameworks;
			sourceTree = "<group>";
		};
		1F5EABFE18A470C20080B598 /* DailyGoals */ = {
			isa = PBXGroup;
			children = (
				1F5EAC3418A471A20080B598 /* Main.storyboard */,
				1F5EAC0718A470C30080B598 /* AppDelegate.h */,
				1F5EAC0818A470C30080B598 /* AppDelegate.m */,
				1FD476DE18A9A60C007363E5 /* GoalEntity.h */,
				1FD476DF18A9A60C007363E5 /* GoalEntity.m */,
				1F5EAC0A18A470C30080B598 /* DailyGoals.xcdatamodeld */,
				1F5EAC0D18A470C30080B598 /* Images.xcassets */,
				1F5EAC2B18A471140080B598 /* GoalListViewController.h */,
				1F5EAC2C18A471140080B598 /* GoalListViewController.m */,
				1F48C92818A888B1006CC915 /* GoalListTableViewController.h */,
				1F48C92918A888B1006CC915 /* GoalListTableViewController.m */,
				1F5EAC2E18A471220080B598 /* AddGoalViewController.h */,
				1F5EAC2F18A471220080B598 /* AddGoalViewController.m */,
				1FD476E118A9ACDB007363E5 /* EditGoalViewController.h */,
				1FD476E218A9ACDB007363E5 /* EditGoalViewController.m */,
				1F5EABFF18A470C20080B598 /* Supporting Files */,
				1F48C92B18A88A90006CC915 /* UnusedForNow */,
			);
			path = DailyGoals;
			sourceTree = "<group>";
		};
		1F5EABFF18A470C20080B598 /* Supporting Files */ = {
			isa = PBXGroup;
			children = (
				1F5EAC0018A470C20080B598 /* DailyGoals-Info.plist */,
				1F5EAC0118A470C30080B598 /* InfoPlist.strings */,
				1F5EAC0418A470C30080B598 /* main.m */,
				1F5EAC0618A470C30080B598 /* DailyGoals-Prefix.pch */,
			);
			name = "Supporting Files";
			sourceTree = "<group>";
		};
		1F5EAC1B18A470C30080B598 /* DailyGoalsTests */ = {
			isa = PBXGroup;
			children = (
				1F5EAC2118A470C30080B598 /* DailyGoalsTests.m */,
				1F5EAC1C18A470C30080B598 /* Supporting Files */,
			);
			path = DailyGoalsTests;
			sourceTree = "<group>";
		};
		1F5EAC1C18A470C30080B598 /* Supporting Files */ = {
			isa = PBXGroup;
			children = (
				1F5EAC1D18A470C30080B598 /* DailyGoalsTests-Info.plist */,
				1F5EAC1E18A470C30080B598 /* InfoPlist.strings */,
			);
			name = "Supporting Files";
			sourceTree = "<group>";
		};
/* End PBXGroup section */

/* Begin PBXNativeTarget section */
		1F5EABF218A470C20080B598 /* DailyGoals */ = {
			isa = PBXNativeTarget;
			buildConfigurationList = 1F5EAC2518A470C30080B598 /* Build configuration list for PBXNativeTarget "DailyGoals" */;
			buildPhases = (
				1F5EABEF18A470C20080B598 /* Sources */,
				1F5EABF018A470C20080B598 /* Frameworks */,
				1F5EABF118A470C20080B598 /* Resources */,
			);
			buildRules = (
			);
			dependencies = (
			);
			name = DailyGoals;
			productName = DailyGoals;
			productReference = 1F5EABF318A470C20080B598 /* DailyGoals.app */;
			productType = "com.apple.product-type.application";
		};
		1F5EAC1218A470C30080B598 /* DailyGoalsTests */ = {
			isa = PBXNativeTarget;
			buildConfigurationList = 1F5EAC2818A470C30080B598 /* Build configuration list for PBXNativeTarget "DailyGoalsTests" */;
			buildPhases = (
				1F5EAC0F18A470C30080B598 /* Sources */,
				1F5EAC1018A470C30080B598 /* Frameworks */,
				1F5EAC1118A470C30080B598 /* Resources */,
			);
			buildRules = (
			);
			dependencies = (
				1F5EAC1A18A470C30080B598 /* PBXTargetDependency */,
			);
			name = DailyGoalsTests;
			productName = DailyGoalsTests;
			productReference = 1F5EAC1318A470C30080B598 /* DailyGoalsTests.xctest */;
			productType = "com.apple.product-type.bundle.unit-test";
		};
/* End PBXNativeTarget section */

/* Begin PBXProject section */
		1F5EABEB18A470C20080B598 /* Project object */ = {
			isa = PBXProject;
			attributes = {
				LastUpgradeCheck = 0500;
				ORGANIZATIONNAME = "Travis Favaron";
				TargetAttributes = {
					1F5EABF218A470C20080B598 = {
						DevelopmentTeam = 6HT4WQWB93;
					};
					1F5EAC1218A470C30080B598 = {
						TestTargetID = 1F5EABF218A470C20080B598;
					};
				};
			};
			buildConfigurationList = 1F5EABEE18A470C20080B598 /* Build configuration list for PBXProject "DailyGoals" */;
			compatibilityVersion = "Xcode 3.2";
			developmentRegion = English;
			hasScannedForEncodings = 0;
			knownRegions = (
				en,
			);
			mainGroup = 1F5EABEA18A470C20080B598;
			productRefGroup = 1F5EABF418A470C20080B598 /* Products */;
			projectDirPath = "";
			projectRoot = "";
			targets = (
				1F5EABF218A470C20080B598 /* DailyGoals */,
				1F5EAC1218A470C30080B598 /* DailyGoalsTests */,
			);
		};
/* End PBXProject section */

/* Begin PBXResourcesBuildPhase section */
		1F5EABF118A470C20080B598 /* Resources */ = {
			isa = PBXResourcesBuildPhase;
			buildActionMask = 2147483647;
			files = (
				1F5EAC3518A471A20080B598 /* Main.storyboard in Resources */,
				1F5EAC0318A470C30080B598 /* InfoPlist.strings in Resources */,
				1F5EAC0E18A470C30080B598 /* Images.xcassets in Resources */,
			);
			runOnlyForDeploymentPostprocessing = 0;
		};
		1F5EAC1118A470C30080B598 /* Resources */ = {
			isa = PBXResourcesBuildPhase;
			buildActionMask = 2147483647;
			files = (
				1F5EAC2018A470C30080B598 /* InfoPlist.strings in Resources */,
			);
			runOnlyForDeploymentPostprocessing = 0;
		};
/* End PBXResourcesBuildPhase section */

/* Begin PBXSourcesBuildPhase section */
		1F5EABEF18A470C20080B598 /* Sources */ = {
			isa = PBXSourcesBuildPhase;
			buildActionMask = 2147483647;
			files = (
				1F48C92418A8488D006CC915 /* GoalItem.m in Sources */,
				1F48C92718A84C1A006CC915 /* GoalListTable.m in Sources */,
				1F5EAC0918A470C30080B598 /* AppDelegate.m in Sources */,
				1FD476E618AACCA9007363E5 /* SettingsViewController.m in Sources */,
				1FD476E318A9ACDB007363E5 /* EditGoalViewController.m in Sources */,
				1FD476E018A9A60C007363E5 /* GoalEntity.m in Sources */,
				1F5EAC3018A471220080B598 /* AddGoalViewController.m in Sources */,
				1F5EAC2D18A471140080B598 /* GoalListViewController.m in Sources */,
				1F5EAC0518A470C30080B598 /* main.m in Sources */,
				1F48C92A18A888B1006CC915 /* GoalListTableViewController.m in Sources */,
				1F5EAC0C18A470C30080B598 /* DailyGoals.xcdatamodeld in Sources */,
				1F5EAC3318A471440080B598 /* TheBackgrounds.m in Sources */,
			);
			runOnlyForDeploymentPostprocessing = 0;
		};
		1F5EAC0F18A470C30080B598 /* Sources */ = {
			isa = PBXSourcesBuildPhase;
			buildActionMask = 2147483647;
			files = (
				1F5EAC2218A470C30080B598 /* DailyGoalsTests.m in Sources */,
			);
			runOnlyForDeploymentPostprocessing = 0;
		};
/* End PBXSourcesBuildPhase section */

/* Begin PBXTargetDependency section */
		1F5EAC1A18A470C30080B598 /* PBXTargetDependency */ = {
			isa = PBXTargetDependency;
			target = 1F5EABF218A470C20080B598 /* DailyGoals */;
			targetProxy = 1F5EAC1918A470C30080B598 /* PBXContainerItemProxy */;
		};
/* End PBXTargetDependency section */

/* Begin PBXVariantGroup section */
		1F5EAC0118A470C30080B598 /* InfoPlist.strings */ = {
			isa = PBXVariantGroup;
			children = (
				1F5EAC0218A470C30080B598 /* en */,
			);
			name = InfoPlist.strings;
			sourceTree = "<group>";
		};
		1F5EAC1E18A470C30080B598 /* InfoPlist.strings */ = {
			isa = PBXVariantGroup;
			children = (
				1F5EAC1F18A470C30080B598 /* en */,
			);
			name = InfoPlist.strings;
			sourceTree = "<group>";
		};
/* End PBXVariantGroup section */

/* Begin XCBuildConfiguration section */
		1F5EAC2318A470C30080B598 /* Debug */ = {
			isa = XCBuildConfiguration;
			buildSettings = {
				ALWAYS_SEARCH_USER_PATHS = NO;
				ARCHS = "$(ARCHS_STANDARD_INCLUDING_64_BIT)";
				CLANG_CXX_LANGUAGE_STANDARD = "gnu++0x";
				CLANG_CXX_LIBRARY = "libc++";
				CLANG_ENABLE_MODULES = YES;
				CLANG_ENABLE_OBJC_ARC = YES;
				CLANG_WARN_BOOL_CONVERSION = YES;
				CLANG_WARN_CONSTANT_CONVERSION = YES;
				CLANG_WARN_DIRECT_OBJC_ISA_USAGE = YES_ERROR;
				CLANG_WARN_EMPTY_BODY = YES;
				CLANG_WARN_ENUM_CONVERSION = YES;
				CLANG_WARN_INT_CONVERSION = YES;
				CLANG_WARN_OBJC_ROOT_CLASS = YES_ERROR;
				CLANG_WARN__DUPLICATE_METHOD_MATCH = YES;
				"CODE_SIGN_IDENTITY[sdk=iphoneos*]" = "iPhone Developer";
				COPY_PHASE_STRIP = NO;
				GCC_C_LANGUAGE_STANDARD = gnu99;
				GCC_DYNAMIC_NO_PIC = NO;
				GCC_OPTIMIZATION_LEVEL = 0;
				GCC_PREPROCESSOR_DEFINITIONS = (
					"DEBUG=1",
					"$(inherited)",
				);
				GCC_SYMBOLS_PRIVATE_EXTERN = NO;
				GCC_WARN_64_TO_32_BIT_CONVERSION = YES;
				GCC_WARN_ABOUT_RETURN_TYPE = YES_ERROR;
				GCC_WARN_UNDECLARED_SELECTOR = YES;
				GCC_WARN_UNINITIALIZED_AUTOS = YES;
				GCC_WARN_UNUSED_FUNCTION = YES;
				GCC_WARN_UNUSED_VARIABLE = YES;
				IPHONEOS_DEPLOYMENT_TARGET = 7.0;
				ONLY_ACTIVE_ARCH = YES;
				SDKROOT = iphoneos;
			};
			name = Debug;
		};
		1F5EAC2418A470C30080B598 /* Release */ = {
			isa = XCBuildConfiguration;
			buildSettings = {
				ALWAYS_SEARCH_USER_PATHS = NO;
				ARCHS = "$(ARCHS_STANDARD_INCLUDING_64_BIT)";
				CLANG_CXX_LANGUAGE_STANDARD = "gnu++0x";
				CLANG_CXX_LIBRARY = "libc++";
				CLANG_ENABLE_MODULES = YES;
				CLANG_ENABLE_OBJC_ARC = YES;
				CLANG_WARN_BOOL_CONVERSION = YES;
				CLANG_WARN_CONSTANT_CONVERSION = YES;
				CLANG_WARN_DIRECT_OBJC_ISA_USAGE = YES_ERROR;
				CLANG_WARN_EMPTY_BODY = YES;
				CLANG_WARN_ENUM_CONVERSION = YES;
				CLANG_WARN_INT_CONVERSION = YES;
				CLANG_WARN_OBJC_ROOT_CLASS = YES_ERROR;
				CLANG_WARN__DUPLICATE_METHOD_MATCH = YES;
				"CODE_SIGN_IDENTITY[sdk=iphoneos*]" = "iPhone Developer";
				COPY_PHASE_STRIP = YES;
				ENABLE_NS_ASSERTIONS = NO;
				GCC_C_LANGUAGE_STANDARD = gnu99;
				GCC_WARN_64_TO_32_BIT_CONVERSION = YES;
				GCC_WARN_ABOUT_RETURN_TYPE = YES_ERROR;
				GCC_WARN_UNDECLARED_SELECTOR = YES;
				GCC_WARN_UNINITIALIZED_AUTOS = YES;
				GCC_WARN_UNUSED_FUNCTION = YES;
				GCC_WARN_UNUSED_VARIABLE = YES;
				IPHONEOS_DEPLOYMENT_TARGET = 7.0;
				SDKROOT = iphoneos;
				VALIDATE_PRODUCT = YES;
			};
			name = Release;
		};
		1F5EAC2618A470C30080B598 /* Debug */ = {
			isa = XCBuildConfiguration;
			buildSettings = {
				ASSETCATALOG_COMPILER_APPICON_NAME = AppIcon;
				ASSETCATALOG_COMPILER_LAUNCHIMAGE_NAME = LaunchImage;
				CODE_SIGN_IDENTITY = "iPhone Developer";
				FRAMEWORK_SEARCH_PATHS = (
					"$(inherited)",
					"/Users/travis/Dropbox/Ross\\ Wehner/Build\\ 2.16.14/DailyGoals",
					"/Users/travis/Dropbox/XcodeProjects/daily-v2/DailyGoals/DailyGoals",
				);
				GCC_PRECOMPILE_PREFIX_HEADER = YES;
				GCC_PREFIX_HEADER = "DailyGoals/DailyGoals-Prefix.pch";
				INFOPLIST_FILE = "DailyGoals/DailyGoals-Info.plist";
				IPHONEOS_DEPLOYMENT_TARGET = 7.0;
				PRODUCT_NAME = "$(TARGET_NAME)";
				WRAPPER_EXTENSION = app;
			};
			name = Debug;
		};
		1F5EAC2718A470C30080B598 /* Release */ = {
			isa = XCBuildConfiguration;
			buildSettings = {
				ASSETCATALOG_COMPILER_APPICON_NAME = AppIcon;
				ASSETCATALOG_COMPILER_LAUNCHIMAGE_NAME = LaunchImage;
				CODE_SIGN_IDENTITY = "iPhone Developer";
				FRAMEWORK_SEARCH_PATHS = (
					"$(inherited)",
					"/Users/travis/Dropbox/Ross\\ Wehner/Build\\ 2.16.14/DailyGoals",
					"/Users/travis/Dropbox/XcodeProjects/daily-v2/DailyGoals/DailyGoals",
				);
				GCC_PRECOMPILE_PREFIX_HEADER = YES;
				GCC_PREFIX_HEADER = "DailyGoals/DailyGoals-Prefix.pch";
				INFOPLIST_FILE = "DailyGoals/DailyGoals-Info.plist";
				IPHONEOS_DEPLOYMENT_TARGET = 7.0;
				PRODUCT_NAME = "$(TARGET_NAME)";
				WRAPPER_EXTENSION = app;
			};
			name = Release;
		};
		1F5EAC2918A470C30080B598 /* Debug */ = {
			isa = XCBuildConfiguration;
			buildSettings = {
				ARCHS = "$(ARCHS_STANDARD_INCLUDING_64_BIT)";
				BUNDLE_LOADER = "$(BUILT_PRODUCTS_DIR)/DailyGoals.app/DailyGoals";
				FRAMEWORK_SEARCH_PATHS = (
					"$(SDKROOT)/Developer/Library/Frameworks",
					"$(inherited)",
					"$(DEVELOPER_FRAMEWORKS_DIR)",
				);
				GCC_PRECOMPILE_PREFIX_HEADER = YES;
				GCC_PREFIX_HEADER = "DailyGoals/DailyGoals-Prefix.pch";
				GCC_PREPROCESSOR_DEFINITIONS = (
					"DEBUG=1",
					"$(inherited)",
				);
				INFOPLIST_FILE = "DailyGoalsTests/DailyGoalsTests-Info.plist";
				PRODUCT_NAME = "$(TARGET_NAME)";
				TEST_HOST = "$(BUNDLE_LOADER)";
				WRAPPER_EXTENSION = xctest;
			};
			name = Debug;
		};
		1F5EAC2A18A470C30080B598 /* Release */ = {
			isa = XCBuildConfiguration;
			buildSettings = {
				ARCHS = "$(ARCHS_STANDARD_INCLUDING_64_BIT)";
				BUNDLE_LOADER = "$(BUILT_PRODUCTS_DIR)/DailyGoals.app/DailyGoals";
				FRAMEWORK_SEARCH_PATHS = (
					"$(SDKROOT)/Developer/Library/Frameworks",
					"$(inherited)",
					"$(DEVELOPER_FRAMEWORKS_DIR)",
				);
				GCC_PRECOMPILE_PREFIX_HEADER = YES;
				GCC_PREFIX_HEADER = "DailyGoals/DailyGoals-Prefix.pch";
				INFOPLIST_FILE = "DailyGoalsTests/DailyGoalsTests-Info.plist";
				PRODUCT_NAME = "$(TARGET_NAME)";
				TEST_HOST = "$(BUNDLE_LOADER)";
				WRAPPER_EXTENSION = xctest;
			};
			name = Release;
		};
/* End XCBuildConfiguration section */

/* Begin XCConfigurationList section */
		1F5EABEE18A470C20080B598 /* Build configuration list for PBXProject "DailyGoals" */ = {
			isa = XCConfigurationList;
			buildConfigurations = (
				1F5EAC2318A470C30080B598 /* Debug */,
				1F5EAC2418A470C30080B598 /* Release */,
			);
			defaultConfigurationIsVisible = 0;
			defaultConfigurationName = Release;
		};
		1F5EAC2518A470C30080B598 /* Build configuration list for PBXNativeTarget "DailyGoals" */ = {
			isa = XCConfigurationList;
			buildConfigurations = (
				1F5EAC2618A470C30080B598 /* Debug */,
				1F5EAC2718A470C30080B598 /* Release */,
			);
			defaultConfigurationIsVisible = 0;
			defaultConfigurationName = Release;
		};
		1F5EAC2818A470C30080B598 /* Build configuration list for PBXNativeTarget "DailyGoalsTests" */ = {
			isa = XCConfigurationList;
			buildConfigurations = (
				1F5EAC2918A470C30080B598 /* Debug */,
				1F5EAC2A18A470C30080B598 /* Release */,
			);
			defaultConfigurationIsVisible = 0;
			defaultConfigurationName = Release;
		};
/* End XCConfigurationList section */

/* Begin XCVersionGroup section */
		1F5EAC0A18A470C30080B598 /* DailyGoals.xcdatamodeld */ = {
			isa = XCVersionGroup;
			children = (
				1F5EAC0B18A470C30080B598 /* DailyGoals.xcdatamodel */,
			);
			currentVersion = 1F5EAC0B18A470C30080B598 /* DailyGoals.xcdatamodel */;
			path = DailyGoals.xcdatamodeld;
			sourceTree = "<group>";
			versionGroupType = wrapper.xcdatamodel;
		};
/* End XCVersionGroup section */
	};
	rootObject = 1F5EABEB18A470C20080B598 /* Project object */;
}
